# This file is automatically @generated by Cargo.
# It is not intended for manual editing.
version = 4

[[package]]
name = "liblock"
version = "0.1.0"
dependencies = [
 "librand",
]

[[package]]
name = "libmem"
version = "0.1.0"
dependencies = [
 "liblock",
]

[[package]]
name = "librand"
version = "0.1.0"
